
Microsoft Visual Studio Solution File, Format Version 12.00
# Visual Studio Version 17
VisualStudioVersion = 17.7.33920.267
MinimumVisualStudioVersion = 10.0.40219.1
Project("{FAE04EC0-301F-11D3-BF4B-00C04F79EFBC}") = "BulkyWeb", "BulkyWeb\BulkyWeb.csproj", "{956C78A0-CFDE-48BE-8539-6D8495A14939}"
EndProject
Project("{FAE04EC0-301F-11D3-BF4B-00C04F79EFBC}") = "BulkyWebRazor_Temp", "BulkyWebRazor_Temp\BulkyWebRazor_Temp.csproj", "{72D2BB3E-0FED-49E7-B71D-62FE750BD783}"
EndProject
Project("{FAE04EC0-301F-11D3-BF4B-00C04F79EFBC}") = "Bulky.DataAccess", "Bulky.DataAccess\Bulky.DataAccess.csproj", "{E7A4C4E5-CE31-4450-A960-5C1ECE7CBC7C}"
EndProject
Project("{FAE04EC0-301F-11D3-BF4B-00C04F79EFBC}") = "Bulky.Models", "Bulky.Models\Bulky.Models.csproj", "{38533D15-7E4E-4B7B-BD74-11E902313DD5}"
EndProject
Project("{FAE04EC0-301F-11D3-BF4B-00C04F79EFBC}") = "Bulky.Utility", "Bulky.Utility\Bulky.Utility.csproj", "{72DD9BBB-9000-4432-9AF6-306A35049B54}"
EndProject
Global
	GlobalSection(SolutionConfigurationPlatforms) = preSolution
		Debug|Any CPU = Debug|Any CPU
		Release|Any CPU = Release|Any CPU
	EndGlobalSection
	GlobalSection(ProjectConfigurationPlatforms) = postSolution
		{956C78A0-CFDE-48BE-8539-6D8495A14939}.Debug|Any CPU.ActiveCfg = Debug|Any CPU
		{956C78A0-CFDE-48BE-8539-6D8495A14939}.Debug|Any CPU.Build.0 = Debug|Any CPU
		{956C78A0-CFDE-48BE-8539-6D8495A14939}.Release|Any CPU.ActiveCfg = Release|Any CPU
		{956C78A0-CFDE-48BE-8539-6D8495A14939}.Release|Any CPU.Build.0 = Release|Any CPU
		{72D2BB3E-0FED-49E7-B71D-62FE750BD783}.Debug|Any CPU.ActiveCfg = Debug|Any CPU
		{72D2BB3E-0FED-49E7-B71D-62FE750BD783}.Debug|Any CPU.Build.0 = Debug|Any CPU
		{72D2BB3E-0FED-49E7-B71D-62FE750BD783}.Release|Any CPU.ActiveCfg = Release|Any CPU
		{72D2BB3E-0FED-49E7-B71D-62FE750BD783}.Release|Any CPU.Build.0 = Release|Any CPU
		{E7A4C4E5-CE31-4450-A960-5C1ECE7CBC7C}.Debug|Any CPU.ActiveCfg = Debug|Any CPU
		{E7A4C4E5-CE31-4450-A960-5C1ECE7CBC7C}.Debug|Any CPU.Build.0 = Debug|Any CPU
		{E7A4C4E5-CE31-4450-A960-5C1ECE7CBC7C}.Release|Any CPU.ActiveCfg = Release|Any CPU
		{E7A4C4E5-CE31-4450-A960-5C1ECE7CBC7C}.Release|Any CPU.Build.0 = Release|Any CPU
		{38533D15-7E4E-4B7B-BD74-11E902313DD5}.Debug|Any CPU.ActiveCfg = Debug|Any CPU
		{38533D15-7E4E-4B7B-BD74-11E902313DD5}.Debug|Any CPU.Build.0 = Debug|Any CPU
		{38533D15-7E4E-4B7B-BD74-11E902313DD5}.Release|Any CPU.ActiveCfg = Release|Any CPU
		{38533D15-7E4E-4B7B-BD74-11E902313DD5}.Release|Any CPU.Build.0 = Release|Any CPU
		{72DD9BBB-9000-4432-9AF6-306A35049B54}.Debug|Any CPU.ActiveCfg = Debug|Any CPU
		{72DD9BBB-9000-4432-9AF6-306A35049B54}.Debug|Any CPU.Build.0 = Debug|Any CPU
		{72DD9BBB-9000-4432-9AF6-306A35049B54}.Release|Any CPU.ActiveCfg = Release|Any CPU
		{72DD9BBB-9000-4432-9AF6-306A35049B54}.Release|Any CPU.Build.0 = Release|Any CPU
	EndGlobalSection
	GlobalSection(SolutionProperties) = preSolution
		HideSolutionNode = FALSE
	EndGlobalSection
	GlobalSection(ExtensibilityGlobals) = postSolution
		SolutionGuid = {A858DC77-5025-4ABF-B980-DFEB3ED5BBAD}
	EndGlobalSection
EndGlobal
